
Microsoft Visual Studio Solution File, Format Version 12.00
# Visual Studio Version 16
VisualStudioVersion = 16.0.31729.503
MinimumVisualStudioVersion = 10.0.40219.1
Project("{FAE04EC0-301F-11D3-BF4B-00C04F79EFBC}") = "PurchaseOrder", "PurchaseOrder\PurchaseOrder.csproj", "{59FCEE2B-6D47-49CA-8260-636B3B7048C6}"
EndProject
Global
	GlobalSection(SolutionConfigurationPlatforms) = preSolution
		Debug|Any CPU = Debug|Any CPU
		Release|Any CPU = Release|Any CPU
	EndGlobalSection
	GlobalSection(ProjectConfigurationPlatforms) = postSolution
		{59FCEE2B-6D47-49CA-8260-636B3B7048C6}.Debug|Any CPU.ActiveCfg = Debug|Any CPU
		{59FCEE2B-6D47-49CA-8260-636B3B7048C6}.Debug|Any CPU.Build.0 = Debug|Any CPU
		{59FCEE2B-6D47-49CA-8260-636B3B7048C6}.Release|Any CPU.ActiveCfg = Release|Any CPU
		{59FCEE2B-6D47-49CA-8260-636B3B7048C6}.Release|Any CPU.Build.0 = Release|Any CPU
	EndGlobalSection
	GlobalSection(SolutionProperties) = preSolution
		HideSolutionNode = FALSE
	EndGlobalSection
	GlobalSection(ExtensibilityGlobals) = postSolution
		SolutionGuid = {4C4D83E5-4B35-4083-BC38-A3CA8EC8B578}
	EndGlobalSection
EndGlobal
